// !$*UTF8*$!
{
	archiveVersion = 1;
	classes = {
	};
	objectVersion = 51;
	objects = {

/* Begin PBXBuildFile section */
		4FA9251F000400D91547A493 /* Pods_IOSMultipeerConnectivityTutorial.framework in Frameworks */ = {isa = PBXBuildFile; fileRef = 4350F2BC749375688C848CF4 /* Pods_IOSMultipeerConnectivityTutorial.framework */; };
		6CCA1A4D237A8DFC006661CA /* ChatViewController.swift in Sources */ = {isa = PBXBuildFile; fileRef = 6CCA1A4C237A8DFC006661CA /* ChatViewController.swift */; };
		6CCA1A4F237A918B006661CA /* User.swift in Sources */ = {isa = PBXBuildFile; fileRef = 6CCA1A4E237A918B006661CA /* User.swift */; };
		6CCA1A51237A9829006661CA /* Emoji.swift in Sources */ = {isa = PBXBuildFile; fileRef = 6CCA1A50237A9829006661CA /* Emoji.swift */; };
		A4898010228F49E700852716 /* AppDelegate.swift in Sources */ = {isa = PBXBuildFile; fileRef = A489800F228F49E700852716 /* AppDelegate.swift */; };
		A4898015228F49E700852716 /* Main.storyboard in Resources */ = {isa = PBXBuildFile; fileRef = A4898013228F49E700852716 /* Main.storyboard */; };
		A4898017228F49E800852716 /* Assets.xcassets in Resources */ = {isa = PBXBuildFile; fileRef = A4898016228F49E800852716 /* Assets.xcassets */; };
		A489801A228F49E800852716 /* LaunchScreen.storyboard in Resources */ = {isa = PBXBuildFile; fileRef = A4898018228F49E800852716 /* LaunchScreen.storyboard */; };
		B48C33A023793491008B33FD /* FriendsViewController.swift in Sources */ = {isa = PBXBuildFile; fileRef = B48C339F23793491008B33FD /* FriendsViewController.swift */; };
		B48C33A223793625008B33FD /* Friend.swift in Sources */ = {isa = PBXBuildFile; fileRef = B48C33A123793625008B33FD /* Friend.swift */; };
		B48C33A423793FA9008B33FD /* AddFriendViewController.swift in Sources */ = {isa = PBXBuildFile; fileRef = B48C33A323793FA9008B33FD /* AddFriendViewController.swift */; };
		B4C35C9C2377F20F000951D1 /* LoginViewController.swift in Sources */ = {isa = PBXBuildFile; fileRef = B4C35C9B2377F20F000951D1 /* LoginViewController.swift */; };
		B4CB2AC22378289700FF543B /* Message.swift in Sources */ = {isa = PBXBuildFile; fileRef = B4CB2AC12378289700FF543B /* Message.swift */; };
/* End PBXBuildFile section */

/* Begin PBXFileReference section */
		4350F2BC749375688C848CF4 /* Pods_IOSMultipeerConnectivityTutorial.framework */ = {isa = PBXFileReference; explicitFileType = wrapper.framework; includeInIndex = 0; path = Pods_IOSMultipeerConnectivityTutorial.framework; sourceTree = BUILT_PRODUCTS_DIR; };
		60EBEC5E1A7987EF6E8FF878 /* Pods-IOSMultipeerConnectivityTutorial.debug.xcconfig */ = {isa = PBXFileReference; includeInIndex = 1; lastKnownFileType = text.xcconfig; name = "Pods-IOSMultipeerConnectivityTutorial.debug.xcconfig"; path = "Target Support Files/Pods-IOSMultipeerConnectivityTutorial/Pods-IOSMultipeerConnectivityTutorial.debug.xcconfig"; sourceTree = "<group>"; };
		6CCA1A4C237A8DFC006661CA /* ChatViewController.swift */ = {isa = PBXFileReference; lastKnownFileType = sourcecode.swift; path = ChatViewController.swift; sourceTree = "<group>"; };
		6CCA1A4E237A918B006661CA /* User.swift */ = {isa = PBXFileReference; lastKnownFileType = sourcecode.swift; path = User.swift; sourceTree = "<group>"; };
		6CCA1A50237A9829006661CA /* Emoji.swift */ = {isa = PBXFileReference; lastKnownFileType = sourcecode.swift; path = Emoji.swift; sourceTree = "<group>"; };
		89B9F5A649B9DDA7313EAF27 /* Pods-IOSMultipeerConnectivityTutorial.release.xcconfig */ = {isa = PBXFileReference; includeInIndex = 1; lastKnownFileType = text.xcconfig; name = "Pods-IOSMultipeerConnectivityTutorial.release.xcconfig"; path = "Target Support Files/Pods-IOSMultipeerConnectivityTutorial/Pods-IOSMultipeerConnectivityTutorial.release.xcconfig"; sourceTree = "<group>"; };
		A489800C228F49E700852716 /* ChatHoc.app */ = {isa = PBXFileReference; explicitFileType = wrapper.application; includeInIndex = 0; path = ChatHoc.app; sourceTree = BUILT_PRODUCTS_DIR; };
		A489800F228F49E700852716 /* AppDelegate.swift */ = {isa = PBXFileReference; lastKnownFileType = sourcecode.swift; path = AppDelegate.swift; sourceTree = "<group>"; };
		A4898014228F49E700852716 /* Base */ = {isa = PBXFileReference; lastKnownFileType = file.storyboard; name = Base; path = Base.lproj/Main.storyboard; sourceTree = "<group>"; };
		A4898016228F49E800852716 /* Assets.xcassets */ = {isa = PBXFileReference; lastKnownFileType = folder.assetcatalog; path = Assets.xcassets; sourceTree = "<group>"; };
		A4898019228F49E800852716 /* Base */ = {isa = PBXFileReference; lastKnownFileType = file.storyboard; name = Base; path = Base.lproj/LaunchScreen.storyboard; sourceTree = "<group>"; };
		A489801B228F49E800852716 /* Info.plist */ = {isa = PBXFileReference; lastKnownFileType = text.plist.xml; path = Info.plist; sourceTree = "<group>"; };
		B48C339F23793491008B33FD /* FriendsViewController.swift */ = {isa = PBXFileReference; lastKnownFileType = sourcecode.swift; path = FriendsViewController.swift; sourceTree = "<group>"; };
		B48C33A123793625008B33FD /* Friend.swift */ = {isa = PBXFileReference; lastKnownFileType = sourcecode.swift; path = Friend.swift; sourceTree = "<group>"; };
		B48C33A323793FA9008B33FD /* AddFriendViewController.swift */ = {isa = PBXFileReference; lastKnownFileType = sourcecode.swift; path = AddFriendViewController.swift; sourceTree = "<group>"; };
		B4C35C9A23774AF4000951D1 /* wireless_project.entitlements */ = {isa = PBXFileReference; lastKnownFileType = text.plist.entitlements; path = wireless_project.entitlements; sourceTree = "<group>"; };
		B4C35C9B2377F20F000951D1 /* LoginViewController.swift */ = {isa = PBXFileReference; lastKnownFileType = sourcecode.swift; path = LoginViewController.swift; sourceTree = "<group>"; };
		B4C35C9E2377FD75000951D1 /* UIKit.framework */ = {isa = PBXFileReference; lastKnownFileType = wrapper.framework; name = UIKit.framework; path = System/Library/Frameworks/UIKit.framework; sourceTree = SDKROOT; };
		B4CB2AC12378289700FF543B /* Message.swift */ = {isa = PBXFileReference; lastKnownFileType = sourcecode.swift; path = Message.swift; sourceTree = "<group>"; };
/* End PBXFileReference section */

/* Begin PBXFrameworksBuildPhase section */
		A4898009228F49E700852716 /* Frameworks */ = {
			isa = PBXFrameworksBuildPhase;
			buildActionMask = 2147483647;
			files = (
				4FA9251F000400D91547A493 /* Pods_IOSMultipeerConnectivityTutorial.framework in Frameworks */,
			);
			runOnlyForDeploymentPostprocessing = 0;
		};
/* End PBXFrameworksBuildPhase section */

/* Begin PBXGroup section */
		A4898003228F49E700852716 = {
			isa = PBXGroup;
			children = (
				A489800E228F49E700852716 /* IOSMultipeerConnectivityTutorial */,
				A489800D228F49E700852716 /* Products */,
				B4C35C9D2377FD75000951D1 /* Frameworks */,
				BBB490935B3BEDC3C2E9B93C /* Pods */,
			);
			sourceTree = "<group>";
		};
		A489800D228F49E700852716 /* Products */ = {
			isa = PBXGroup;
			children = (
				A489800C228F49E700852716 /* ChatHoc.app */,
			);
			name = Products;
			sourceTree = "<group>";
		};
		A489800E228F49E700852716 /* IOSMultipeerConnectivityTutorial */ = {
			isa = PBXGroup;
			children = (
				B48C33A323793FA9008B33FD /* AddFriendViewController.swift */,
				A489800F228F49E700852716 /* AppDelegate.swift */,
				A4898016228F49E800852716 /* Assets.xcassets */,
				6CCA1A4C237A8DFC006661CA /* ChatViewController.swift */,
				6CCA1A50237A9829006661CA /* Emoji.swift */,
				B48C33A123793625008B33FD /* Friend.swift */,
				B48C339F23793491008B33FD /* FriendsViewController.swift */,
				A489801B228F49E800852716 /* Info.plist */,
				A4898018228F49E800852716 /* LaunchScreen.storyboard */,
				B4C35C9B2377F20F000951D1 /* LoginViewController.swift */,
				A4898013228F49E700852716 /* Main.storyboard */,
				B4CB2AC12378289700FF543B /* Message.swift */,
				6CCA1A4E237A918B006661CA /* User.swift */,
				B4C35C9A23774AF4000951D1 /* wireless_project.entitlements */,
			);
			path = IOSMultipeerConnectivityTutorial;
			sourceTree = "<group>";
		};
		B4C35C9D2377FD75000951D1 /* Frameworks */ = {
			isa = PBXGroup;
			children = (
				B4C35C9E2377FD75000951D1 /* UIKit.framework */,
				4350F2BC749375688C848CF4 /* Pods_IOSMultipeerConnectivityTutorial.framework */,
			);
			name = Frameworks;
			sourceTree = "<group>";
		};
		BBB490935B3BEDC3C2E9B93C /* Pods */ = {
			isa = PBXGroup;
			children = (
				60EBEC5E1A7987EF6E8FF878 /* Pods-IOSMultipeerConnectivityTutorial.debug.xcconfig */,
				89B9F5A649B9DDA7313EAF27 /* Pods-IOSMultipeerConnectivityTutorial.release.xcconfig */,
			);
			path = Pods;
			sourceTree = "<group>";
		};
/* End PBXGroup section */

/* Begin PBXNativeTarget section */
		A489800B228F49E700852716 /* IOSMultipeerConnectivityTutorial */ = {
			isa = PBXNativeTarget;
			buildConfigurationList = A489801E228F49E800852716 /* Build configuration list for PBXNativeTarget "IOSMultipeerConnectivityTutorial" */;
			buildPhases = (
				C545CFB43011F93F06D4CE48 /* [CP] Check Pods Manifest.lock */,
				A4898008228F49E700852716 /* Sources */,
				A4898009228F49E700852716 /* Frameworks */,
				A489800A228F49E700852716 /* Resources */,
				9184B9FD87BCADA53AEA26AF /* [CP] Embed Pods Frameworks */,
			);
			buildRules = (
			);
			dependencies = (
			);
			name = IOSMultipeerConnectivityTutorial;
			productName = IOSMultipeerConnectivityTutorial;
			productReference = A489800C228F49E700852716 /* ChatHoc.app */;
			productType = "com.apple.product-type.application";
		};
/* End PBXNativeTarget section */

/* Begin PBXProject section */
		A4898004228F49E700852716 /* Project object */ = {
			isa = PBXProject;
			attributes = {
				LastSwiftUpdateCheck = 1020;
				LastUpgradeCheck = 1020;
				ORGANIZATIONNAME = "Arthur Knopper";
				TargetAttributes = {
					A489800B228F49E700852716 = {
						CreatedOnToolsVersion = 10.2.1;
					};
				};
			};
			buildConfigurationList = A4898007228F49E700852716 /* Build configuration list for PBXProject "IOSMultipeerConnectivityTutorial" */;
			compatibilityVersion = "Xcode 9.3";
			developmentRegion = en;
			hasScannedForEncodings = 0;
			knownRegions = (
				en,
				Base,
			);
			mainGroup = A4898003228F49E700852716;
			productRefGroup = A489800D228F49E700852716 /* Products */;
			projectDirPath = "";
			projectRoot = "";
			targets = (
				A489800B228F49E700852716 /* IOSMultipeerConnectivityTutorial */,
			);
		};
/* End PBXProject section */

/* Begin PBXResourcesBuildPhase section */
		A489800A228F49E700852716 /* Resources */ = {
			isa = PBXResourcesBuildPhase;
			buildActionMask = 2147483647;
			files = (
				A489801A228F49E800852716 /* LaunchScreen.storyboard in Resources */,
				A4898017228F49E800852716 /* Assets.xcassets in Resources */,
				A4898015228F49E700852716 /* Main.storyboard in Resources */,
			);
			runOnlyForDeploymentPostprocessing = 0;
		};
/* End PBXResourcesBuildPhase section */

/* Begin PBXShellScriptBuildPhase section */
		9184B9FD87BCADA53AEA26AF /* [CP] Embed Pods Frameworks */ = {
			isa = PBXShellScriptBuildPhase;
			buildActionMask = 2147483647;
			files = (
			);
			inputFileListPaths = (
				"${PODS_ROOT}/Target Support Files/Pods-IOSMultipeerConnectivityTutorial/Pods-IOSMultipeerConnectivityTutorial-frameworks-${CONFIGURATION}-input-files.xcfilelist",
			);
			name = "[CP] Embed Pods Frameworks";
			outputFileListPaths = (
				"${PODS_ROOT}/Target Support Files/Pods-IOSMultipeerConnectivityTutorial/Pods-IOSMultipeerConnectivityTutorial-frameworks-${CONFIGURATION}-output-files.xcfilelist",
			);
			runOnlyForDeploymentPostprocessing = 0;
			shellPath = /bin/sh;
			shellScript = "\"${PODS_ROOT}/Target Support Files/Pods-IOSMultipeerConnectivityTutorial/Pods-IOSMultipeerConnectivityTutorial-frameworks.sh\"\n";
			showEnvVarsInLog = 0;
		};
		C545CFB43011F93F06D4CE48 /* [CP] Check Pods Manifest.lock */ = {
			isa = PBXShellScriptBuildPhase;
			buildActionMask = 2147483647;
			files = (
			);
			inputFileListPaths = (
			);
			inputPaths = (
				"${PODS_PODFILE_DIR_PATH}/Podfile.lock",
				"${PODS_ROOT}/Manifest.lock",
			);
			name = "[CP] Check Pods Manifest.lock";
			outputFileListPaths = (
			);
			outputPaths = (
				"$(DERIVED_FILE_DIR)/Pods-IOSMultipeerConnectivityTutorial-checkManifestLockResult.txt",
			);
			runOnlyForDeploymentPostprocessing = 0;
			shellPath = /bin/sh;
			shellScript = "diff \"${PODS_PODFILE_DIR_PATH}/Podfile.lock\" \"${PODS_ROOT}/Manifest.lock\" > /dev/null\nif [ $? != 0 ] ; then\n    # print error to STDERR\n    echo \"error: The sandbox is not in sync with the Podfile.lock. Run 'pod install' or update your CocoaPods installation.\" >&2\n    exit 1\nfi\n# This output is used by Xcode 'outputs' to avoid re-running this script phase.\necho \"SUCCESS\" > \"${SCRIPT_OUTPUT_FILE_0}\"\n";
			showEnvVarsInLog = 0;
		};
/* End PBXShellScriptBuildPhase section */

/* Begin PBXSourcesBuildPhase section */
		A4898008228F49E700852716 /* Sources */ = {
			isa = PBXSourcesBuildPhase;
			buildActionMask = 2147483647;
			files = (
				6CCA1A51237A9829006661CA /* Emoji.swift in Sources */,
				B4C35C9C2377F20F000951D1 /* LoginViewController.swift in Sources */,
				B48C33A423793FA9008B33FD /* AddFriendViewController.swift in Sources */,
				6CCA1A4D237A8DFC006661CA /* ChatViewController.swift in Sources */,
				B48C33A023793491008B33FD /* FriendsViewController.swift in Sources */,
				B4CB2AC22378289700FF543B /* Message.swift in Sources */,
				6CCA1A4F237A918B006661CA /* User.swift in Sources */,
				B48C33A223793625008B33FD /* Friend.swift in Sources */,
				A4898010228F49E700852716 /* AppDelegate.swift in Sources */,
			);
			runOnlyForDeploymentPostprocessing = 0;
		};
/* End PBXSourcesBuildPhase section */

/* Begin PBXVariantGroup section */
		A4898013228F49E700852716 /* Main.storyboard */ = {
			isa = PBXVariantGroup;
			children = (
				A4898014228F49E700852716 /* Base */,
			);
			name = Main.storyboard;
			sourceTree = "<group>";
		};
		A4898018228F49E800852716 /* LaunchScreen.storyboard */ = {
			isa = PBXVariantGroup;
			children = (
				A4898019228F49E800852716 /* Base */,
			);
			name = LaunchScreen.storyboard;
			sourceTree = "<group>";
		};
/* End PBXVariantGroup section */

/* Begin XCBuildConfiguration section */
		A489801C228F49E800852716 /* Debug */ = {
			isa = XCBuildConfiguration;
			buildSettings = {
				ALWAYS_SEARCH_USER_PATHS = NO;
				CLANG_ANALYZER_NONNULL = YES;
				CLANG_ANALYZER_NUMBER_OBJECT_CONVERSION = YES_AGGRESSIVE;
				CLANG_CXX_LANGUAGE_STANDARD = "gnu++14";
				CLANG_CXX_LIBRARY = "libc++";
				CLANG_ENABLE_MODULES = YES;
				CLANG_ENABLE_OBJC_ARC = YES;
				CLANG_ENABLE_OBJC_WEAK = YES;
				CLANG_WARN_BLOCK_CAPTURE_AUTORELEASING = YES;
				CLANG_WARN_BOOL_CONVERSION = YES;
				CLANG_WARN_COMMA = YES;
				CLANG_WARN_CONSTANT_CONVERSION = YES;
				CLANG_WARN_DEPRECATED_OBJC_IMPLEMENTATIONS = YES;
				CLANG_WARN_DIRECT_OBJC_ISA_USAGE = YES_ERROR;
				CLANG_WARN_DOCUMENTATION_COMMENTS = YES;
				CLANG_WARN_EMPTY_BODY = YES;
				CLANG_WARN_ENUM_CONVERSION = YES;
				CLANG_WARN_INFINITE_RECURSION = YES;
				CLANG_WARN_INT_CONVERSION = YES;
				CLANG_WARN_NON_LITERAL_NULL_CONVERSION = YES;
				CLANG_WARN_OBJC_IMPLICIT_RETAIN_SELF = YES;
				CLANG_WARN_OBJC_LITERAL_CONVERSION = YES;
				CLANG_WARN_OBJC_ROOT_CLASS = YES_ERROR;
				CLANG_WARN_RANGE_LOOP_ANALYSIS = YES;
				CLANG_WARN_STRICT_PROTOTYPES = YES;
				CLANG_WARN_SUSPICIOUS_MOVE = YES;
				CLANG_WARN_UNGUARDED_AVAILABILITY = YES_AGGRESSIVE;
				CLANG_WARN_UNREACHABLE_CODE = YES;
				CLANG_WARN__DUPLICATE_METHOD_MATCH = YES;
				CODE_SIGN_IDENTITY = "iPhone Developer";
				COPY_PHASE_STRIP = NO;
				DEBUG_INFORMATION_FORMAT = dwarf;
				ENABLE_STRICT_OBJC_MSGSEND = YES;
				ENABLE_TESTABILITY = YES;
				GCC_C_LANGUAGE_STANDARD = gnu11;
				GCC_DYNAMIC_NO_PIC = NO;
				GCC_NO_COMMON_BLOCKS = YES;
				GCC_OPTIMIZATION_LEVEL = 0;
				GCC_PREPROCESSOR_DEFINITIONS = (
					"DEBUG=1",
					"$(inherited)",
				);
				GCC_WARN_64_TO_32_BIT_CONVERSION = YES;
				GCC_WARN_ABOUT_RETURN_TYPE = YES_ERROR;
				GCC_WARN_UNDECLARED_SELECTOR = YES;
				GCC_WARN_UNINITIALIZED_AUTOS = YES_AGGRESSIVE;
				GCC_WARN_UNUSED_FUNCTION = YES;
				GCC_WARN_UNUSED_VARIABLE = YES;
				IPHONEOS_DEPLOYMENT_TARGET = 11.0;
				MTL_ENABLE_DEBUG_INFO = INCLUDE_SOURCE;
				MTL_FAST_MATH = YES;
				ONLY_ACTIVE_ARCH = YES;
				SDKROOT = iphoneos;
				SWIFT_ACTIVE_COMPILATION_CONDITIONS = DEBUG;
				SWIFT_OPTIMIZATION_LEVEL = "-Onone";
			};
			name = Debug;
		};
		A489801D228F49E800852716 /* Release */ = {
			isa = XCBuildConfiguration;
			buildSettings = {
				ALWAYS_SEARCH_USER_PATHS = NO;
				CLANG_ANALYZER_NONNULL = YES;
				CLANG_ANALYZER_NUMBER_OBJECT_CONVERSION = YES_AGGRESSIVE;
				CLANG_CXX_LANGUAGE_STANDARD = "gnu++14";
				CLANG_CXX_LIBRARY = "libc++";
				CLANG_ENABLE_MODULES = YES;
				CLANG_ENABLE_OBJC_ARC = YES;
				CLANG_ENABLE_OBJC_WEAK = YES;
				CLANG_WARN_BLOCK_CAPTURE_AUTORELEASING = YES;
				CLANG_WARN_BOOL_CONVERSION = YES;
				CLANG_WARN_COMMA = YES;
				CLANG_WARN_CONSTANT_CONVERSION = YES;
				CLANG_WARN_DEPRECATED_OBJC_IMPLEMENTATIONS = YES;
				CLANG_WARN_DIRECT_OBJC_ISA_USAGE = YES_ERROR;
				CLANG_WARN_DOCUMENTATION_COMMENTS = YES;
				CLANG_WARN_EMPTY_BODY = YES;
				CLANG_WARN_ENUM_CONVERSION = YES;
				CLANG_WARN_INFINITE_RECURSION = YES;
				CLANG_WARN_INT_CONVERSION = YES;
				CLANG_WARN_NON_LITERAL_NULL_CONVERSION = YES;
				CLANG_WARN_OBJC_IMPLICIT_RETAIN_SELF = YES;
				CLANG_WARN_OBJC_LITERAL_CONVERSION = YES;
				CLANG_WARN_OBJC_ROOT_CLASS = YES_ERROR;
				CLANG_WARN_RANGE_LOOP_ANALYSIS = YES;
				CLANG_WARN_STRICT_PROTOTYPES = YES;
				CLANG_WARN_SUSPICIOUS_MOVE = YES;
				CLANG_WARN_UNGUARDED_AVAILABILITY = YES_AGGRESSIVE;
				CLANG_WARN_UNREACHABLE_CODE = YES;
				CLANG_WARN__DUPLICATE_METHOD_MATCH = YES;
				CODE_SIGN_IDENTITY = "iPhone Developer";
				COPY_PHASE_STRIP = NO;
				DEBUG_INFORMATION_FORMAT = "dwarf-with-dsym";
				ENABLE_NS_ASSERTIONS = NO;
				ENABLE_STRICT_OBJC_MSGSEND = YES;
				GCC_C_LANGUAGE_STANDARD = gnu11;
				GCC_NO_COMMON_BLOCKS = YES;
				GCC_WARN_64_TO_32_BIT_CONVERSION = YES;
				GCC_WARN_ABOUT_RETURN_TYPE = YES_ERROR;
				GCC_WARN_UNDECLARED_SELECTOR = YES;
				GCC_WARN_UNINITIALIZED_AUTOS = YES_AGGRESSIVE;
				GCC_WARN_UNUSED_FUNCTION = YES;
				GCC_WARN_UNUSED_VARIABLE = YES;
				IPHONEOS_DEPLOYMENT_TARGET = 11.0;
				MTL_ENABLE_DEBUG_INFO = NO;
				MTL_FAST_MATH = YES;
				SDKROOT = iphoneos;
				SWIFT_COMPILATION_MODE = wholemodule;
				SWIFT_OPTIMIZATION_LEVEL = "-O";
				VALIDATE_PRODUCT = YES;
			};
			name = Release;
		};
		A489801F228F49E800852716 /* Debug */ = {
			isa = XCBuildConfiguration;
			baseConfigurationReference = 60EBEC5E1A7987EF6E8FF878 /* Pods-IOSMultipeerConnectivityTutorial.debug.xcconfig */;
			buildSettings = {
				ASSETCATALOG_COMPILER_APPICON_NAME = AppIcon;
				CODE_SIGN_ENTITLEMENTS = IOSMultipeerConnectivityTutorial/wireless_project.entitlements;
				CODE_SIGN_STYLE = Automatic;
				CURRENT_PROJECT_VERSION = 1;
				DEVELOPMENT_TEAM = 4D8NWK56E9;
				INFOPLIST_FILE = IOSMultipeerConnectivityTutorial/Info.plist;
				IPHONEOS_DEPLOYMENT_TARGET = 11.0;
				LD_RUNPATH_SEARCH_PATHS = (
					"$(inherited)",
					"@executable_path/Frameworks",
				);
				MARKETING_VERSION = 1.0.0;
				PRODUCT_BUNDLE_IDENTIFIER = IOSMultipeerConnectivityTutorial;
				PRODUCT_NAME = ChatHoc;
				SWIFT_VERSION = 5.0;
				TARGETED_DEVICE_FAMILY = "1,2";
			};
			name = Debug;
		};
		A4898020228F49E800852716 /* Release */ = {
			isa = XCBuildConfiguration;
			baseConfigurationReference = 89B9F5A649B9DDA7313EAF27 /* Pods-IOSMultipeerConnectivityTutorial.release.xcconfig */;
			buildSettings = {
				ASSETCATALOG_COMPILER_APPICON_NAME = AppIcon;
				CODE_SIGN_ENTITLEMENTS = IOSMultipeerConnectivityTutorial/wireless_project.entitlements;
				CODE_SIGN_STYLE = Automatic;
				CURRENT_PROJECT_VERSION = 1;
				DEVELOPMENT_TEAM = 4D8NWK56E9;
				INFOPLIST_FILE = IOSMultipeerConnectivityTutorial/Info.plist;
				IPHONEOS_DEPLOYMENT_TARGET = 11.0;
				LD_RUNPATH_SEARCH_PATHS = (
					"$(inherited)",
					"@executable_path/Frameworks",
				);
				MARKETING_VERSION = 1.0.0;
				PRODUCT_BUNDLE_IDENTIFIER = IOSMultipeerConnectivityTutorial;
				PRODUCT_NAME = ChatHoc;
				SWIFT_VERSION = 5.0;
				TARGETED_DEVICE_FAMILY = "1,2";
			};
			name = Release;
		};
/* End XCBuildConfiguration section */

/* Begin XCConfigurationList section */
		A4898007228F49E700852716 /* Build configuration list for PBXProject "IOSMultipeerConnectivityTutorial" */ = {
			isa = XCConfigurationList;
			buildConfigurations = (
				A489801C228F49E800852716 /* Debug */,
				A489801D228F49E800852716 /* Release */,
			);
			defaultConfigurationIsVisible = 0;
			defaultConfigurationName = Release;
		};
		A489801E228F49E800852716 /* Build configuration list for PBXNativeTarget "IOSMultipeerConnectivityTutorial" */ = {
			isa = XCConfigurationList;
			buildConfigurations = (
				A489801F228F49E800852716 /* Debug */,
				A4898020228F49E800852716 /* Release */,
			);
			defaultConfigurationIsVisible = 0;
			defaultConfigurationName = Release;
		};
/* End XCConfigurationList section */
	};
	rootObject = A4898004228F49E700852716 /* Project object */;
}
