// !$*UTF8*$!
{
	archiveVersion = 1;
	classes = {
	};
	objectVersion = 50;
	objects = {

/* Begin PBXBuildFile section */
		6C0FE0952374378E00A11BFE /* AppDelegate.swift in Sources */ = {isa = PBXBuildFile; fileRef = 6C0FE0942374378E00A11BFE /* AppDelegate.swift */; };
		6C0FE0972374378E00A11BFE /* SceneDelegate.swift in Sources */ = {isa = PBXBuildFile; fileRef = 6C0FE0962374378E00A11BFE /* SceneDelegate.swift */; };
		6C0FE0992374378E00A11BFE /* ViewController.swift in Sources */ = {isa = PBXBuildFile; fileRef = 6C0FE0982374378E00A11BFE /* ViewController.swift */; };
		6C0FE09C2374378E00A11BFE /* Main.storyboard in Resources */ = {isa = PBXBuildFile; fileRef = 6C0FE09A2374378E00A11BFE /* Main.storyboard */; };
		6C0FE09E2374379000A11BFE /* Assets.xcassets in Resources */ = {isa = PBXBuildFile; fileRef = 6C0FE09D2374379000A11BFE /* Assets.xcassets */; };
		6C0FE0A12374379000A11BFE /* LaunchScreen.storyboard in Resources */ = {isa = PBXBuildFile; fileRef = 6C0FE09F2374379000A11BFE /* LaunchScreen.storyboard */; };
/* End PBXBuildFile section */

/* Begin PBXFileReference section */
		6C0FE0912374378E00A11BFE /* WirelessProject.app */ = {isa = PBXFileReference; explicitFileType = wrapper.application; includeInIndex = 0; path = WirelessProject.app; sourceTree = BUILT_PRODUCTS_DIR; };
		6C0FE0942374378E00A11BFE /* AppDelegate.swift */ = {isa = PBXFileReference; lastKnownFileType = sourcecode.swift; path = AppDelegate.swift; sourceTree = "<group>"; };
		6C0FE0962374378E00A11BFE /* SceneDelegate.swift */ = {isa = PBXFileReference; lastKnownFileType = sourcecode.swift; path = SceneDelegate.swift; sourceTree = "<group>"; };
		6C0FE0982374378E00A11BFE /* ViewController.swift */ = {isa = PBXFileReference; lastKnownFileType = sourcecode.swift; path = ViewController.swift; sourceTree = "<group>"; };
		6C0FE09B2374378E00A11BFE /* Base */ = {isa = PBXFileReference; lastKnownFileType = file.storyboard; name = Base; path = Base.lproj/Main.storyboard; sourceTree = "<group>"; };
		6C0FE09D2374379000A11BFE /* Assets.xcassets */ = {isa = PBXFileReference; lastKnownFileType = folder.assetcatalog; path = Assets.xcassets; sourceTree = "<group>"; };
		6C0FE0A02374379000A11BFE /* Base */ = {isa = PBXFileReference; lastKnownFileType = file.storyboard; name = Base; path = Base.lproj/LaunchScreen.storyboard; sourceTree = "<group>"; };
		6C0FE0A22374379000A11BFE /* Info.plist */ = {isa = PBXFileReference; lastKnownFileType = text.plist.xml; path = Info.plist; sourceTree = "<group>"; };
/* End PBXFileReference section */

/* Begin PBXFrameworksBuildPhase section */
		6C0FE08E2374378E00A11BFE /* Frameworks */ = {
			isa = PBXFrameworksBuildPhase;
			buildActionMask = 2147483647;
			files = (
			);
			runOnlyForDeploymentPostprocessing = 0;
		};
/* End PBXFrameworksBuildPhase section */

/* Begin PBXGroup section */
		6C0FE0882374378E00A11BFE = {
			isa = PBXGroup;
			children = (
				6C0FE0932374378E00A11BFE /* WirelessProject */,
				6C0FE0922374378E00A11BFE /* Products */,
			);
			sourceTree = "<group>";
		};
		6C0FE0922374378E00A11BFE /* Products */ = {
			isa = PBXGroup;
			children = (
				6C0FE0912374378E00A11BFE /* WirelessProject.app */,
			);
			name = Products;
			sourceTree = "<group>";
		};
		6C0FE0932374378E00A11BFE /* WirelessProject */ = {
			isa = PBXGroup;
			children = (
				6C0FE0942374378E00A11BFE /* AppDelegate.swift */,
				6C0FE0962374378E00A11BFE /* SceneDelegate.swift */,
				6C0FE0982374378E00A11BFE /* ViewController.swift */,
				6C0FE09A2374378E00A11BFE /* Main.storyboard */,
				6C0FE09D2374379000A11BFE /* Assets.xcassets */,
				6C0FE09F2374379000A11BFE /* LaunchScreen.storyboard */,
				6C0FE0A22374379000A11BFE /* Info.plist */,
			);
			path = WirelessProject;
			sourceTree = "<group>";
		};
/* End PBXGroup section */

/* Begin PBXNativeTarget section */
		6C0FE0902374378E00A11BFE /* WirelessProject */ = {
			isa = PBXNativeTarget;
			buildConfigurationList = 6C0FE0A52374379000A11BFE /* Build configuration list for PBXNativeTarget "WirelessProject" */;
			buildPhases = (
				6C0FE08D2374378E00A11BFE /* Sources */,
				6C0FE08E2374378E00A11BFE /* Frameworks */,
				6C0FE08F2374378E00A11BFE /* Resources */,
			);
			buildRules = (
			);
			dependencies = (
			);
			name = WirelessProject;
			productName = WirelessProject;
			productReference = 6C0FE0912374378E00A11BFE /* WirelessProject.app */;
			productType = "com.apple.product-type.application";
		};
/* End PBXNativeTarget section */

/* Begin PBXProject section */
		6C0FE0892374378E00A11BFE /* Project object */ = {
			isa = PBXProject;
			attributes = {
				LastSwiftUpdateCheck = 1110;
				LastUpgradeCheck = 1110;
				ORGANIZATIONNAME = wireless_project;
				TargetAttributes = {
					6C0FE0902374378E00A11BFE = {
						CreatedOnToolsVersion = 11.1;
					};
				};
			};
			buildConfigurationList = 6C0FE08C2374378E00A11BFE /* Build configuration list for PBXProject "WirelessProject" */;
			compatibilityVersion = "Xcode 9.3";
			developmentRegion = en;
			hasScannedForEncodings = 0;
			knownRegions = (
				en,
				Base,
			);
			mainGroup = 6C0FE0882374378E00A11BFE;
			productRefGroup = 6C0FE0922374378E00A11BFE /* Products */;
			projectDirPath = "";
			projectRoot = "";
			targets = (
				6C0FE0902374378E00A11BFE /* WirelessProject */,
			);
		};
/* End PBXProject section */

/* Begin PBXResourcesBuildPhase section */
		6C0FE08F2374378E00A11BFE /* Resources */ = {
			isa = PBXResourcesBuildPhase;
			buildActionMask = 2147483647;
			files = (
				6C0FE0A12374379000A11BFE /* LaunchScreen.storyboard in Resources */,
				6C0FE09E2374379000A11BFE /* Assets.xcassets in Resources */,
				6C0FE09C2374378E00A11BFE /* Main.storyboard in Resources */,
			);
			runOnlyForDeploymentPostprocessing = 0;
		};
/* End PBXResourcesBuildPhase section */

/* Begin PBXSourcesBuildPhase section */
		6C0FE08D2374378E00A11BFE /* Sources */ = {
			isa = PBXSourcesBuildPhase;
			buildActionMask = 2147483647;
			files = (
				6C0FE0992374378E00A11BFE /* ViewController.swift in Sources */,
				6C0FE0952374378E00A11BFE /* AppDelegate.swift in Sources */,
				6C0FE0972374378E00A11BFE /* SceneDelegate.swift in Sources */,
			);
			runOnlyForDeploymentPostprocessing = 0;
		};
/* End PBXSourcesBuildPhase section */

/* Begin PBXVariantGroup section */
		6C0FE09A2374378E00A11BFE /* Main.storyboard */ = {
			isa = PBXVariantGroup;
			children = (
				6C0FE09B2374378E00A11BFE /* Base */,
			);
			name = Main.storyboard;
			sourceTree = "<group>";
		};
		6C0FE09F2374379000A11BFE /* LaunchScreen.storyboard */ = {
			isa = PBXVariantGroup;
			children = (
				6C0FE0A02374379000A11BFE /* Base */,
			);
			name = LaunchScreen.storyboard;
			sourceTree = "<group>";
		};
/* End PBXVariantGroup section */

/* Begin XCBuildConfiguration section */
		6C0FE0A32374379000A11BFE /* Debug */ = {
			isa = XCBuildConfiguration;
			buildSettings = {
				ALWAYS_SEARCH_USER_PATHS = NO;
				CLANG_ANALYZER_NONNULL = YES;
				CLANG_ANALYZER_NUMBER_OBJECT_CONVERSION = YES_AGGRESSIVE;
				CLANG_CXX_LANGUAGE_STANDARD = "gnu++14";
				CLANG_CXX_LIBRARY = "libc++";
				CLANG_ENABLE_MODULES = YES;
				CLANG_ENABLE_OBJC_ARC = YES;
				CLANG_ENABLE_OBJC_WEAK = YES;
				CLANG_WARN_BLOCK_CAPTURE_AUTORELEASING = YES;
				CLANG_WARN_BOOL_CONVERSION = YES;
				CLANG_WARN_COMMA = YES;
				CLANG_WARN_CONSTANT_CONVERSION = YES;
				CLANG_WARN_DEPRECATED_OBJC_IMPLEMENTATIONS = YES;
				CLANG_WARN_DIRECT_OBJC_ISA_USAGE = YES_ERROR;
				CLANG_WARN_DOCUMENTATION_COMMENTS = YES;
				CLANG_WARN_EMPTY_BODY = YES;
				CLANG_WARN_ENUM_CONVERSION = YES;
				CLANG_WARN_INFINITE_RECURSION = YES;
				CLANG_WARN_INT_CONVERSION = YES;
				CLANG_WARN_NON_LITERAL_NULL_CONVERSION = YES;
				CLANG_WARN_OBJC_IMPLICIT_RETAIN_SELF = YES;
				CLANG_WARN_OBJC_LITERAL_CONVERSION = YES;
				CLANG_WARN_OBJC_ROOT_CLASS = YES_ERROR;
				CLANG_WARN_RANGE_LOOP_ANALYSIS = YES;
				CLANG_WARN_STRICT_PROTOTYPES = YES;
				CLANG_WARN_SUSPICIOUS_MOVE = YES;
				CLANG_WARN_UNGUARDED_AVAILABILITY = YES_AGGRESSIVE;
				CLANG_WARN_UNREACHABLE_CODE = YES;
				CLANG_WARN__DUPLICATE_METHOD_MATCH = YES;
				COPY_PHASE_STRIP = NO;
				DEBUG_INFORMATION_FORMAT = dwarf;
				ENABLE_STRICT_OBJC_MSGSEND = YES;
				ENABLE_TESTABILITY = YES;
				GCC_C_LANGUAGE_STANDARD = gnu11;
				GCC_DYNAMIC_NO_PIC = NO;
				GCC_NO_COMMON_BLOCKS = YES;
				GCC_OPTIMIZATION_LEVEL = 0;
				GCC_PREPROCESSOR_DEFINITIONS = (
					"DEBUG=1",
					"$(inherited)",
				);
				GCC_WARN_64_TO_32_BIT_CONVERSION = YES;
				GCC_WARN_ABOUT_RETURN_TYPE = YES_ERROR;
				GCC_WARN_UNDECLARED_SELECTOR = YES;
				GCC_WARN_UNINITIALIZED_AUTOS = YES_AGGRESSIVE;
				GCC_WARN_UNUSED_FUNCTION = YES;
				GCC_WARN_UNUSED_VARIABLE = YES;
				IPHONEOS_DEPLOYMENT_TARGET = 13.1;
				MTL_ENABLE_DEBUG_INFO = INCLUDE_SOURCE;
				MTL_FAST_MATH = YES;
				ONLY_ACTIVE_ARCH = YES;
				SDKROOT = iphoneos;
				SWIFT_ACTIVE_COMPILATION_CONDITIONS = DEBUG;
				SWIFT_OPTIMIZATION_LEVEL = "-Onone";
			};
			name = Debug;
		};
		6C0FE0A42374379000A11BFE /* Release */ = {
			isa = XCBuildConfiguration;
			buildSettings = {
				ALWAYS_SEARCH_USER_PATHS = NO;
				CLANG_ANALYZER_NONNULL = YES;
				CLANG_ANALYZER_NUMBER_OBJECT_CONVERSION = YES_AGGRESSIVE;
				CLANG_CXX_LANGUAGE_STANDARD = "gnu++14";
				CLANG_CXX_LIBRARY = "libc++";
				CLANG_ENABLE_MODULES = YES;
				CLANG_ENABLE_OBJC_ARC = YES;
				CLANG_ENABLE_OBJC_WEAK = YES;
				CLANG_WARN_BLOCK_CAPTURE_AUTORELEASING = YES;
				CLANG_WARN_BOOL_CONVERSION = YES;
				CLANG_WARN_COMMA = YES;
				CLANG_WARN_CONSTANT_CONVERSION = YES;
				CLANG_WARN_DEPRECATED_OBJC_IMPLEMENTATIONS = YES;
				CLANG_WARN_DIRECT_OBJC_ISA_USAGE = YES_ERROR;
				CLANG_WARN_DOCUMENTATION_COMMENTS = YES;
				CLANG_WARN_EMPTY_BODY = YES;
				CLANG_WARN_ENUM_CONVERSION = YES;
				CLANG_WARN_INFINITE_RECURSION = YES;
				CLANG_WARN_INT_CONVERSION = YES;
				CLANG_WARN_NON_LITERAL_NULL_CONVERSION = YES;
				CLANG_WARN_OBJC_IMPLICIT_RETAIN_SELF = YES;
				CLANG_WARN_OBJC_LITERAL_CONVERSION = YES;
				CLANG_WARN_OBJC_ROOT_CLASS = YES_ERROR;
				CLANG_WARN_RANGE_LOOP_ANALYSIS = YES;
				CLANG_WARN_STRICT_PROTOTYPES = YES;
				CLANG_WARN_SUSPICIOUS_MOVE = YES;
				CLANG_WARN_UNGUARDED_AVAILABILITY = YES_AGGRESSIVE;
				CLANG_WARN_UNREACHABLE_CODE = YES;
				CLANG_WARN__DUPLICATE_METHOD_MATCH = YES;
				COPY_PHASE_STRIP = NO;
				DEBUG_INFORMATION_FORMAT = "dwarf-with-dsym";
				ENABLE_NS_ASSERTIONS = NO;
				ENABLE_STRICT_OBJC_MSGSEND = YES;
				GCC_C_LANGUAGE_STANDARD = gnu11;
				GCC_NO_COMMON_BLOCKS = YES;
				GCC_WARN_64_TO_32_BIT_CONVERSION = YES;
				GCC_WARN_ABOUT_RETURN_TYPE = YES_ERROR;
				GCC_WARN_UNDECLARED_SELECTOR = YES;
				GCC_WARN_UNINITIALIZED_AUTOS = YES_AGGRESSIVE;
				GCC_WARN_UNUSED_FUNCTION = YES;
				GCC_WARN_UNUSED_VARIABLE = YES;
				IPHONEOS_DEPLOYMENT_TARGET = 13.1;
				MTL_ENABLE_DEBUG_INFO = NO;
				MTL_FAST_MATH = YES;
				SDKROOT = iphoneos;
				SWIFT_COMPILATION_MODE = wholemodule;
				SWIFT_OPTIMIZATION_LEVEL = "-O";
				VALIDATE_PRODUCT = YES;
			};
			name = Release;
		};
		6C0FE0A62374379000A11BFE /* Debug */ = {
			isa = XCBuildConfiguration;
			buildSettings = {
				ASSETCATALOG_COMPILER_APPICON_NAME = AppIcon;
				CODE_SIGN_STYLE = Automatic;
				DEVELOPMENT_TEAM = 4D8NWK56E9;
				INFOPLIST_FILE = WirelessProject/Info.plist;
				LD_RUNPATH_SEARCH_PATHS = (
					"$(inherited)",
					"@executable_path/Frameworks",
				);
				PRODUCT_BUNDLE_IDENTIFIER = "wireless-project.WirelessProject";
				PRODUCT_NAME = "$(TARGET_NAME)";
				SWIFT_VERSION = 5.0;
				TARGETED_DEVICE_FAMILY = "1,2";
			};
			name = Debug;
		};
		6C0FE0A72374379000A11BFE /* Release */ = {
			isa = XCBuildConfiguration;
			buildSettings = {
				ASSETCATALOG_COMPILER_APPICON_NAME = AppIcon;
				CODE_SIGN_STYLE = Automatic;
				DEVELOPMENT_TEAM = 4D8NWK56E9;
				INFOPLIST_FILE = WirelessProject/Info.plist;
				LD_RUNPATH_SEARCH_PATHS = (
					"$(inherited)",
					"@executable_path/Frameworks",
				);
				PRODUCT_BUNDLE_IDENTIFIER = "wireless-project.WirelessProject";
				PRODUCT_NAME = "$(TARGET_NAME)";
				SWIFT_VERSION = 5.0;
				TARGETED_DEVICE_FAMILY = "1,2";
			};
			name = Release;
		};
/* End XCBuildConfiguration section */

/* Begin XCConfigurationList section */
		6C0FE08C2374378E00A11BFE /* Build configuration list for PBXProject "WirelessProject" */ = {
			isa = XCConfigurationList;
			buildConfigurations = (
				6C0FE0A32374379000A11BFE /* Debug */,
				6C0FE0A42374379000A11BFE /* Release */,
			);
			defaultConfigurationIsVisible = 0;
			defaultConfigurationName = Release;
		};
		6C0FE0A52374379000A11BFE /* Build configuration list for PBXNativeTarget "WirelessProject" */ = {
			isa = XCConfigurationList;
			buildConfigurations = (
				6C0FE0A62374379000A11BFE /* Debug */,
				6C0FE0A72374379000A11BFE /* Release */,
			);
			defaultConfigurationIsVisible = 0;
			defaultConfigurationName = Release;
		};
/* End XCConfigurationList section */
	};
	rootObject = 6C0FE0892374378E00A11BFE /* Project object */;
}
